// !$*UTF8*$!
{
	archiveVersion = 1;
	classes = {
	};
	objectVersion = 46;
	objects = {

/* Begin PBXBuildFile section */
		357FB07F1D75AF6A0040691B /* Resolver.swift in Sources */ = {isa = PBXBuildFile; fileRef = 357FB07E1D75AF6A0040691B /* Resolver.swift */; };
		D0DB8C061D74937A003657D3 /* Arbiter.h in Headers */ = {isa = PBXBuildFile; fileRef = D0DB8C051D74937A003657D3 /* Arbiter.h */; settings = {ATTRIBUTES = (Public, ); }; };
		D0F65B341D7493E800DD582F /* Version.swift in Sources */ = {isa = PBXBuildFile; fileRef = D0F65B331D7493E800DD582F /* Version.swift */; };
		D0F65B491D7496AE00DD582F /* Dependency.h in Headers */ = {isa = PBXBuildFile; fileRef = D0F65B441D7496AE00DD582F /* Dependency.h */; settings = {ATTRIBUTES = (Public, ); }; };
		D0F65B4A1D7496AE00DD582F /* Requirement.h in Headers */ = {isa = PBXBuildFile; fileRef = D0F65B451D7496AE00DD582F /* Requirement.h */; settings = {ATTRIBUTES = (Public, ); }; };
		D0F65B4B1D7496AE00DD582F /* Resolver.h in Headers */ = {isa = PBXBuildFile; fileRef = D0F65B461D7496AE00DD582F /* Resolver.h */; settings = {ATTRIBUTES = (Public, ); }; };
		D0F65B4C1D7496AE00DD582F /* Value.h in Headers */ = {isa = PBXBuildFile; fileRef = D0F65B471D7496AE00DD582F /* Value.h */; settings = {ATTRIBUTES = (Public, ); }; };
		D0F65B4D1D7496AE00DD582F /* Version.h in Headers */ = {isa = PBXBuildFile; fileRef = D0F65B481D7496AE00DD582F /* Version.h */; settings = {ATTRIBUTES = (Public, ); }; };
		D0F65B521D74974500DD582F /* libArbiter.a in Frameworks */ = {isa = PBXBuildFile; fileRef = D0F65B511D74974500DD582F /* libArbiter.a */; };
		D0F8619E1D74DFA1009BD4C6 /* Types.h in Headers */ = {isa = PBXBuildFile; fileRef = D0F8619D1D74DFA1009BD4C6 /* Types.h */; settings = {ATTRIBUTES = (Public, ); }; };
		D0F861A01D74E0D9009BD4C6 /* Types.swift in Sources */ = {isa = PBXBuildFile; fileRef = D0F8619F1D74E0D9009BD4C6 /* Types.swift */; };
		D0F861A21D74E183009BD4C6 /* Value.swift in Sources */ = {isa = PBXBuildFile; fileRef = D0F861A11D74E183009BD4C6 /* Value.swift */; };
		D0F861A41D74E9B7009BD4C6 /* Dependency.swift in Sources */ = {isa = PBXBuildFile; fileRef = D0F861A31D74E9B7009BD4C6 /* Dependency.swift */; };
		D0F861A61D74EBB2009BD4C6 /* Requirement.swift in Sources */ = {isa = PBXBuildFile; fileRef = D0F861A51D74EBB2009BD4C6 /* Requirement.swift */; };
/* End PBXBuildFile section */

/* Begin PBXContainerItemProxy section */
		D0EE7ABB1D74A26500952C9B /* PBXContainerItemProxy */ = {
			isa = PBXContainerItemProxy;
			containerPortal = D0DB8BF91D74937A003657D3 /* Project object */;
			proxyType = 1;
			remoteGlobalIDString = D0F65B361D74942100DD582F;
			remoteInfo = libArbiter;
		};
/* End PBXContainerItemProxy section */

/* Begin PBXFileReference section */
		357FB07E1D75AF6A0040691B /* Resolver.swift */ = {isa = PBXFileReference; fileEncoding = 4; lastKnownFileType = sourcecode.swift; path = Resolver.swift; sourceTree = "<group>"; };
		D0DB8C021D74937A003657D3 /* Arbiter.framework */ = {isa = PBXFileReference; explicitFileType = wrapper.framework; includeInIndex = 0; path = Arbiter.framework; sourceTree = BUILT_PRODUCTS_DIR; };
		D0DB8C051D74937A003657D3 /* Arbiter.h */ = {isa = PBXFileReference; lastKnownFileType = sourcecode.c.h; path = Arbiter.h; sourceTree = "<group>"; };
		D0DB8C071D74937A003657D3 /* Info.plist */ = {isa = PBXFileReference; lastKnownFileType = text.plist.xml; path = Info.plist; sourceTree = "<group>"; };
		D0F65B331D7493E800DD582F /* Version.swift */ = {isa = PBXFileReference; fileEncoding = 4; lastKnownFileType = sourcecode.swift; path = Version.swift; sourceTree = "<group>"; };
		D0F65B441D7496AE00DD582F /* Dependency.h */ = {isa = PBXFileReference; lastKnownFileType = sourcecode.c.h; name = Dependency.h; path = ../../../include/arbiter/Dependency.h; sourceTree = "<group>"; };
		D0F65B451D7496AE00DD582F /* Requirement.h */ = {isa = PBXFileReference; lastKnownFileType = sourcecode.c.h; name = Requirement.h; path = ../../../include/arbiter/Requirement.h; sourceTree = "<group>"; };
		D0F65B461D7496AE00DD582F /* Resolver.h */ = {isa = PBXFileReference; lastKnownFileType = sourcecode.c.h; name = Resolver.h; path = ../../../include/arbiter/Resolver.h; sourceTree = "<group>"; };
		D0F65B471D7496AE00DD582F /* Value.h */ = {isa = PBXFileReference; lastKnownFileType = sourcecode.c.h; name = Value.h; path = ../../../include/arbiter/Value.h; sourceTree = "<group>"; };
		D0F65B481D7496AE00DD582F /* Version.h */ = {isa = PBXFileReference; lastKnownFileType = sourcecode.c.h; name = Version.h; path = ../../../include/arbiter/Version.h; sourceTree = "<group>"; };
		D0F65B511D74974500DD582F /* libArbiter.a */ = {isa = PBXFileReference; lastKnownFileType = archive.ar; name = libArbiter.a; path = ../../../libArbiter.a; sourceTree = "<group>"; };
		D0F8619D1D74DFA1009BD4C6 /* Types.h */ = {isa = PBXFileReference; lastKnownFileType = sourcecode.c.h; name = Types.h; path = ../../../include/arbiter/Types.h; sourceTree = "<group>"; };
		D0F8619F1D74E0D9009BD4C6 /* Types.swift */ = {isa = PBXFileReference; fileEncoding = 4; lastKnownFileType = sourcecode.swift; path = Types.swift; sourceTree = "<group>"; };
		D0F861A11D74E183009BD4C6 /* Value.swift */ = {isa = PBXFileReference; fileEncoding = 4; lastKnownFileType = sourcecode.swift; path = Value.swift; sourceTree = "<group>"; };
		D0F861A31D74E9B7009BD4C6 /* Dependency.swift */ = {isa = PBXFileReference; fileEncoding = 4; lastKnownFileType = sourcecode.swift; path = Dependency.swift; sourceTree = "<group>"; };
		D0F861A51D74EBB2009BD4C6 /* Requirement.swift */ = {isa = PBXFileReference; fileEncoding = 4; lastKnownFileType = sourcecode.swift; path = Requirement.swift; sourceTree = "<group>"; };
/* End PBXFileReference section */

/* Begin PBXFrameworksBuildPhase section */
		D0DB8BFE1D74937A003657D3 /* Frameworks */ = {
			isa = PBXFrameworksBuildPhase;
			buildActionMask = 2147483647;
			files = (
				D0F65B521D74974500DD582F /* libArbiter.a in Frameworks */,
			);
			runOnlyForDeploymentPostprocessing = 0;
		};
/* End PBXFrameworksBuildPhase section */

/* Begin PBXGroup section */
		D0DB8BF81D74937A003657D3 = {
			isa = PBXGroup;
			children = (
				D0DB8C041D74937A003657D3 /* Arbiter */,
				D0DB8C031D74937A003657D3 /* Products */,
			);
			indentWidth = 2;
			sourceTree = "<group>";
		};
		D0DB8C031D74937A003657D3 /* Products */ = {
			isa = PBXGroup;
			children = (
				D0DB8C021D74937A003657D3 /* Arbiter.framework */,
			);
			name = Products;
			sourceTree = "<group>";
		};
		D0DB8C041D74937A003657D3 /* Arbiter */ = {
			isa = PBXGroup;
			children = (
				D0F65B4E1D7496B100DD582F /* Headers */,
				D0F65B4F1D7496BB00DD582F /* Swift */,
				D0F65B501D7496C300DD582F /* Other files */,
			);
			path = Arbiter;
			sourceTree = "<group>";
		};
		D0F65B4E1D7496B100DD582F /* Headers */ = {
			isa = PBXGroup;
			children = (
				D0DB8C051D74937A003657D3 /* Arbiter.h */,
				D0F65B441D7496AE00DD582F /* Dependency.h */,
				D0F65B451D7496AE00DD582F /* Requirement.h */,
				D0F65B461D7496AE00DD582F /* Resolver.h */,
				D0F8619D1D74DFA1009BD4C6 /* Types.h */,
				D0F65B471D7496AE00DD582F /* Value.h */,
				D0F65B481D7496AE00DD582F /* Version.h */,
			);
			name = Headers;
			sourceTree = "<group>";
		};
		D0F65B4F1D7496BB00DD582F /* Swift */ = {
			isa = PBXGroup;
			children = (
				D0F861A31D74E9B7009BD4C6 /* Dependency.swift */,
				D0F861A51D74EBB2009BD4C6 /* Requirement.swift */,
				357FB07E1D75AF6A0040691B /* Resolver.swift */,
				D0F8619F1D74E0D9009BD4C6 /* Types.swift */,
				D0F861A11D74E183009BD4C6 /* Value.swift */,
				D0F65B331D7493E800DD582F /* Version.swift */,
			);
			name = Swift;
			sourceTree = "<group>";
		};
		D0F65B501D7496C300DD582F /* Other files */ = {
			isa = PBXGroup;
			children = (
				D0F65B511D74974500DD582F /* libArbiter.a */,
				D0DB8C071D74937A003657D3 /* Info.plist */,
			);
			name = "Other files";
			sourceTree = "<group>";
		};
/* End PBXGroup section */

/* Begin PBXHeadersBuildPhase section */
		D0DB8BFF1D74937A003657D3 /* Headers */ = {
			isa = PBXHeadersBuildPhase;
			buildActionMask = 2147483647;
			files = (
				D0DB8C061D74937A003657D3 /* Arbiter.h in Headers */,
				D0F65B491D7496AE00DD582F /* Dependency.h in Headers */,
				D0F65B4A1D7496AE00DD582F /* Requirement.h in Headers */,
				D0F65B4B1D7496AE00DD582F /* Resolver.h in Headers */,
				D0F8619E1D74DFA1009BD4C6 /* Types.h in Headers */,
				D0F65B4C1D7496AE00DD582F /* Value.h in Headers */,
				D0F65B4D1D7496AE00DD582F /* Version.h in Headers */,
			);
			runOnlyForDeploymentPostprocessing = 0;
		};
/* End PBXHeadersBuildPhase section */

/* Begin PBXLegacyTarget section */
		D0F65B361D74942100DD582F /* libArbiter */ = {
			isa = PBXLegacyTarget;
			buildArgumentsString = "$(ACTION)";
			buildConfigurationList = D0F65B371D74942100DD582F /* Build configuration list for PBXLegacyTarget "libArbiter" */;
			buildPhases = (
			);
			buildToolPath = /usr/bin/make;
			buildWorkingDirectory = ../../;
			dependencies = (
			);
			name = libArbiter;
			passBuildSettingsInEnvironment = 1;
			productName = libArbiter;
		};
/* End PBXLegacyTarget section */

/* Begin PBXNativeTarget section */
		D0DB8C011D74937A003657D3 /* Arbiter */ = {
			isa = PBXNativeTarget;
			buildConfigurationList = D0DB8C0A1D74937A003657D3 /* Build configuration list for PBXNativeTarget "Arbiter" */;
			buildPhases = (
				D0DB8BFD1D74937A003657D3 /* Sources */,
				D0DB8BFE1D74937A003657D3 /* Frameworks */,
				D0DB8BFF1D74937A003657D3 /* Headers */,
				D0DB8C001D74937A003657D3 /* Resources */,
			);
			buildRules = (
			);
			dependencies = (
				D0EE7ABC1D74A26500952C9B /* PBXTargetDependency */,
			);
			name = Arbiter;
			productName = Arbiter;
			productReference = D0DB8C021D74937A003657D3 /* Arbiter.framework */;
			productType = "com.apple.product-type.framework";
		};
/* End PBXNativeTarget section */

/* Begin PBXProject section */
		D0DB8BF91D74937A003657D3 /* Project object */ = {
			isa = PBXProject;
			attributes = {
				LastUpgradeCheck = 0730;
				ORGANIZATIONNAME = "Justin Spahr-Summers";
				TargetAttributes = {
					D0DB8C011D74937A003657D3 = {
						CreatedOnToolsVersion = 7.3.1;
						LastSwiftMigration = 0800;
					};
					D0F65B361D74942100DD582F = {
						CreatedOnToolsVersion = 7.3.1;
					};
				};
			};
			buildConfigurationList = D0DB8BFC1D74937A003657D3 /* Build configuration list for PBXProject "Arbiter" */;
			compatibilityVersion = "Xcode 3.2";
			developmentRegion = English;
			hasScannedForEncodings = 0;
			knownRegions = (
				en,
			);
			mainGroup = D0DB8BF81D74937A003657D3;
			productRefGroup = D0DB8C031D74937A003657D3 /* Products */;
			projectDirPath = "";
			projectRoot = "";
			targets = (
				D0DB8C011D74937A003657D3 /* Arbiter */,
				D0F65B361D74942100DD582F /* libArbiter */,
			);
		};
/* End PBXProject section */

/* Begin PBXResourcesBuildPhase section */
		D0DB8C001D74937A003657D3 /* Resources */ = {
			isa = PBXResourcesBuildPhase;
			buildActionMask = 2147483647;
			files = (
			);
			runOnlyForDeploymentPostprocessing = 0;
		};
/* End PBXResourcesBuildPhase section */

/* Begin PBXSourcesBuildPhase section */
		D0DB8BFD1D74937A003657D3 /* Sources */ = {
			isa = PBXSourcesBuildPhase;
			buildActionMask = 2147483647;
			files = (
				D0F65B341D7493E800DD582F /* Version.swift in Sources */,
				D0F861A61D74EBB2009BD4C6 /* Requirement.swift in Sources */,
				D0F861A01D74E0D9009BD4C6 /* Types.swift in Sources */,
				357FB07F1D75AF6A0040691B /* Resolver.swift in Sources */,
				D0F861A41D74E9B7009BD4C6 /* Dependency.swift in Sources */,
				D0F861A21D74E183009BD4C6 /* Value.swift in Sources */,
			);
			runOnlyForDeploymentPostprocessing = 0;
		};
/* End PBXSourcesBuildPhase section */

/* Begin PBXTargetDependency section */
		D0EE7ABC1D74A26500952C9B /* PBXTargetDependency */ = {
			isa = PBXTargetDependency;
			target = D0F65B361D74942100DD582F /* libArbiter */;
			targetProxy = D0EE7ABB1D74A26500952C9B /* PBXContainerItemProxy */;
		};
/* End PBXTargetDependency section */

/* Begin XCBuildConfiguration section */
		D0DB8C081D74937A003657D3 /* Debug */ = {
			isa = XCBuildConfiguration;
			buildSettings = {
				ALWAYS_SEARCH_USER_PATHS = NO;
				CLANG_ANALYZER_NONNULL = YES;
				CLANG_CXX_LANGUAGE_STANDARD = "gnu++0x";
				CLANG_CXX_LIBRARY = "libc++";
				CLANG_ENABLE_MODULES = YES;
				CLANG_ENABLE_OBJC_ARC = YES;
				CLANG_WARN_BOOL_CONVERSION = YES;
				CLANG_WARN_CONSTANT_CONVERSION = YES;
				CLANG_WARN_DIRECT_OBJC_ISA_USAGE = YES_ERROR;
				CLANG_WARN_EMPTY_BODY = YES;
				CLANG_WARN_ENUM_CONVERSION = YES;
				CLANG_WARN_INT_CONVERSION = YES;
				CLANG_WARN_OBJC_ROOT_CLASS = YES_ERROR;
				CLANG_WARN_UNREACHABLE_CODE = YES;
				CLANG_WARN__DUPLICATE_METHOD_MATCH = YES;
				CODE_SIGN_IDENTITY = "-";
				COPY_PHASE_STRIP = NO;
				CURRENT_PROJECT_VERSION = 1;
				DEBUG_INFORMATION_FORMAT = dwarf;
				ENABLE_STRICT_OBJC_MSGSEND = YES;
				ENABLE_TESTABILITY = YES;
				GCC_C_LANGUAGE_STANDARD = gnu99;
				GCC_DYNAMIC_NO_PIC = NO;
				GCC_NO_COMMON_BLOCKS = YES;
				GCC_OPTIMIZATION_LEVEL = 0;
				GCC_PREPROCESSOR_DEFINITIONS = (
					"DEBUG=1",
					"$(inherited)",
				);
				GCC_WARN_64_TO_32_BIT_CONVERSION = YES;
				GCC_WARN_ABOUT_RETURN_TYPE = YES_ERROR;
				GCC_WARN_UNDECLARED_SELECTOR = YES;
				GCC_WARN_UNINITIALIZED_AUTOS = YES_AGGRESSIVE;
				GCC_WARN_UNUSED_FUNCTION = YES;
				GCC_WARN_UNUSED_VARIABLE = YES;
				LIBRARY_SEARCH_PATHS = ../../;
				MACOSX_DEPLOYMENT_TARGET = 10.11;
				MTL_ENABLE_DEBUG_INFO = YES;
				ONLY_ACTIVE_ARCH = YES;
				OTHER_LDFLAGS = "-lc++";
				SDKROOT = macosx;
				SWIFT_OPTIMIZATION_LEVEL = "-Onone";
				VERSIONING_SYSTEM = "apple-generic";
				VERSION_INFO_PREFIX = "";
			};
			name = Debug;
		};
		D0DB8C091D74937A003657D3 /* Release */ = {
			isa = XCBuildConfiguration;
			buildSettings = {
				ALWAYS_SEARCH_USER_PATHS = NO;
				CLANG_ANALYZER_NONNULL = YES;
				CLANG_CXX_LANGUAGE_STANDARD = "gnu++0x";
				CLANG_CXX_LIBRARY = "libc++";
				CLANG_ENABLE_MODULES = YES;
				CLANG_ENABLE_OBJC_ARC = YES;
				CLANG_WARN_BOOL_CONVERSION = YES;
				CLANG_WARN_CONSTANT_CONVERSION = YES;
				CLANG_WARN_DIRECT_OBJC_ISA_USAGE = YES_ERROR;
				CLANG_WARN_EMPTY_BODY = YES;
				CLANG_WARN_ENUM_CONVERSION = YES;
				CLANG_WARN_INT_CONVERSION = YES;
				CLANG_WARN_OBJC_ROOT_CLASS = YES_ERROR;
				CLANG_WARN_UNREACHABLE_CODE = YES;
				CLANG_WARN__DUPLICATE_METHOD_MATCH = YES;
				CODE_SIGN_IDENTITY = "-";
				COPY_PHASE_STRIP = NO;
				CURRENT_PROJECT_VERSION = 1;
				DEBUG_INFORMATION_FORMAT = "dwarf-with-dsym";
				ENABLE_NS_ASSERTIONS = NO;
				ENABLE_STRICT_OBJC_MSGSEND = YES;
				GCC_C_LANGUAGE_STANDARD = gnu99;
				GCC_NO_COMMON_BLOCKS = YES;
				GCC_WARN_64_TO_32_BIT_CONVERSION = YES;
				GCC_WARN_ABOUT_RETURN_TYPE = YES_ERROR;
				GCC_WARN_UNDECLARED_SELECTOR = YES;
				GCC_WARN_UNINITIALIZED_AUTOS = YES_AGGRESSIVE;
				GCC_WARN_UNUSED_FUNCTION = YES;
				GCC_WARN_UNUSED_VARIABLE = YES;
				LIBRARY_SEARCH_PATHS = ../../;
				MACOSX_DEPLOYMENT_TARGET = 10.11;
				MTL_ENABLE_DEBUG_INFO = NO;
				OTHER_LDFLAGS = "-lc++";
				SDKROOT = macosx;
				VERSIONING_SYSTEM = "apple-generic";
				VERSION_INFO_PREFIX = "";
			};
			name = Release;
		};
		D0DB8C0B1D74937A003657D3 /* Debug */ = {
			isa = XCBuildConfiguration;
			buildSettings = {
				CLANG_ENABLE_MODULES = YES;
				COMBINE_HIDPI_IMAGES = YES;
				DEFINES_MODULE = YES;
				DYLIB_COMPATIBILITY_VERSION = 1;
				DYLIB_CURRENT_VERSION = 1;
				DYLIB_INSTALL_NAME_BASE = "@rpath";
				FRAMEWORK_VERSION = A;
				INFOPLIST_FILE = Arbiter/Info.plist;
				INSTALL_PATH = "$(LOCAL_LIBRARY_DIR)/Frameworks";
				LD_RUNPATH_SEARCH_PATHS = "$(inherited) @executable_path/../Frameworks @loader_path/Frameworks";
				PRODUCT_BUNDLE_IDENTIFIER = org.jspahrsummers.Arbiter;
				PRODUCT_NAME = "$(TARGET_NAME)";
				SKIP_INSTALL = YES;
				SWIFT_OPTIMIZATION_LEVEL = "-Onone";
				SWIFT_VERSION = 2.3;
			};
			name = Debug;
		};
		D0DB8C0C1D74937A003657D3 /* Release */ = {
			isa = XCBuildConfiguration;
			buildSettings = {
				CLANG_ENABLE_MODULES = YES;
				COMBINE_HIDPI_IMAGES = YES;
				DEFINES_MODULE = YES;
				DYLIB_COMPATIBILITY_VERSION = 1;
				DYLIB_CURRENT_VERSION = 1;
				DYLIB_INSTALL_NAME_BASE = "@rpath";
				FRAMEWORK_VERSION = A;
				INFOPLIST_FILE = Arbiter/Info.plist;
				INSTALL_PATH = "$(LOCAL_LIBRARY_DIR)/Frameworks";
				LD_RUNPATH_SEARCH_PATHS = "$(inherited) @executable_path/../Frameworks @loader_path/Frameworks";
				PRODUCT_BUNDLE_IDENTIFIER = org.jspahrsummers.Arbiter;
				PRODUCT_NAME = "$(TARGET_NAME)";
				SKIP_INSTALL = YES;
				SWIFT_VERSION = 2.3;
			};
			name = Release;
		};
		D0F65B381D74942100DD582F /* Debug */ = {
			isa = XCBuildConfiguration;
			buildSettings = {
				DEBUGGING_SYMBOLS = YES;
				DEBUG_INFORMATION_FORMAT = dwarf;
				GCC_GENERATE_DEBUGGING_SYMBOLS = YES;
				GCC_OPTIMIZATION_LEVEL = 0;
				OTHER_CFLAGS = "";
				OTHER_LDFLAGS = "";
				PRODUCT_NAME = "$(TARGET_NAME)";
			};
			name = Debug;
		};
		D0F65B391D74942100DD582F /* Release */ = {
			isa = XCBuildConfiguration;
			buildSettings = {
				DEBUG_INFORMATION_FORMAT = "dwarf-with-dsym";
				OTHER_CFLAGS = "";
				OTHER_LDFLAGS = "";
				PRODUCT_NAME = "$(TARGET_NAME)";
			};
			name = Release;
		};
/* End XCBuildConfiguration section */

/* Begin XCConfigurationList section */
		D0DB8BFC1D74937A003657D3 /* Build configuration list for PBXProject "Arbiter" */ = {
			isa = XCConfigurationList;
			buildConfigurations = (
				D0DB8C081D74937A003657D3 /* Debug */,
				D0DB8C091D74937A003657D3 /* Release */,
			);
			defaultConfigurationIsVisible = 0;
			defaultConfigurationName = Release;
		};
		D0DB8C0A1D74937A003657D3 /* Build configuration list for PBXNativeTarget "Arbiter" */ = {
			isa = XCConfigurationList;
			buildConfigurations = (
				D0DB8C0B1D74937A003657D3 /* Debug */,
				D0DB8C0C1D74937A003657D3 /* Release */,
			);
			defaultConfigurationIsVisible = 0;
			defaultConfigurationName = Release;
		};
		D0F65B371D74942100DD582F /* Build configuration list for PBXLegacyTarget "libArbiter" */ = {
			isa = XCConfigurationList;
			buildConfigurations = (
				D0F65B381D74942100DD582F /* Debug */,
				D0F65B391D74942100DD582F /* Release */,
			);
			defaultConfigurationIsVisible = 0;
			defaultConfigurationName = Release;
		};
/* End XCConfigurationList section */
	};
	rootObject = D0DB8BF91D74937A003657D3 /* Project object */;
}
